# THIS IS AN AUTOGENERATED FILE. DO NOT EDIT THIS FILE DIRECTLY.
# yarn lockfile v1


"@infinitygems/core@1.0.3", "@infinitygems/core@^1.0.3":
  version "1.0.3"
  resolved "https://registry.npmjs.org/@infinitygems/core/-/core-1.0.3.tgz#671ffbac999b06b289e0e5e6905f83b04557cd8c"
  integrity sha512-OFZ9OFf2Q797FBELIRv+bj4d1gUWLq316TJg4wFFVudI0GmMvVt36Re3UCEoWss7lgcBdaB9hLeRtpP3de0xNA==

"@infinitygems/mind@^1.0.0":
  version "1.0.0"
  resolved "https://registry.npmjs.org/@infinitygems/mind/-/mind-1.0.0.tgz#ca345800f106a4007279f44b8009403dc829ec4b"
  integrity sha512-JFXod5Igs8Bq/V0n8C6v15Av6N33cGh7T8xO23lu47gnPfJR5ojgO2K9dMjoKPKJZNbq0XHM/SqR7ZiAPa0HVg==
  dependencies:
    "@infinitygems/core" "1.0.3"

"@infinitygems/power@^1.0.1":
  version "1.0.1"
  resolved "https://registry.npmjs.org/@infinitygems/power/-/power-1.0.1.tgz#4cf93f95d230a01a9cca265489231c4a5e37fd43"
  integrity sha512-7j0f0bpIlLueSvUyknNOoe5CogCcaftPrlvKuQGSrc3wI5aGOF/+j78dY5c7nCH5A4e9g/bcD+qFHbCysRXAPA==
  dependencies:
    "@infinitygems/core" "1.0.3"

"@infinitygems/reality@^1.0.2":
  version "1.0.2"
  resolved "https://registry.npmjs.org/@infinitygems/reality/-/reality-1.0.2.tgz#11b7ed97f6423f5e8fd9ea84b994412fb9ba1d2e"
  integrity sha512-kLdGYp5gEu1wDW1Gmz50npptgo0U8Anz+lum2c7qgXsuwHyttOntMmtR/ICKkT4RbSYJOpveYfDxDNL9XLgcCA==
  dependencies:
    "@infinitygems/core" "1.0.3"

"@infinitygems/soul@^1.0.0":
  version "1.0.0"
  resolved "https://registry.npmjs.org/@infinitygems/soul/-/soul-1.0.0.tgz#5eaf622da358df239f39c5ffac5380690d2d719a"
  integrity sha512-2zTjEev5dx8nASiwTG3ZC4zehJfHj5cwPpRM3Q5PEsE/6gLPFeceWTWmNVtmkyPjcLPpyhZM8i+7urzkt5GlQA==
  dependencies:
    "@infinitygems/core" "1.0.3"

"@infinitygems/space@^1.0.0":
  version "1.0.0"
  resolved "https://registry.npmjs.org/@infinitygems/space/-/space-1.0.0.tgz#b6c2cfaf7d7e9606c4a37fb043820ffa9d2c3dda"
  integrity sha512-Fl/33SLB8+lz+Akv/vI6tSc2+01MO+AOlQoL/pbFRRpWs3H06CAMDfWyjh9D+6sBToE48gtHrmrCVFFLLxFQCw==
  dependencies:
    "@infinitygems/core" "1.0.3"

"@infinitygems/time@^1.0.0":
  version "1.0.0"
  resolved "https://registry.npmjs.org/@infinitygems/time/-/time-1.0.0.tgz#959c69ec7069c69c7fcb6697ec837d1c4033d15d"
  integrity sha512-7u6cTssOcq/ko+UbP1JAjL3sfSpzu1/AqJGkRiVysRSbwWcklZ7wQfA9DPMEJPT/cl5j1e96QNjgLc2L4MNIaw==
  dependencies:
    "@infinitygems/core" "1.0.3"

"@thanos.js/core@^1.0.2":
  version "1.0.2"
  resolved "https://registry.npmjs.org/@thanos.js/core/-/core-1.0.2.tgz#b3e28b0f8f97b2a23fd52d06c900e6ad48df075b"
  integrity sha512-HBz4DEzZq58JQM5iJOo1037Ru4cKtMJUiYUyne5tQoS8XqsDmG3jW/ysj3Z4GVAYPcH1cRVu6nMbkpeACC7VVw==
  dependencies:
    "@infinitygems/core" "^1.0.3"
    "@thanos.js/gauntlet" "1.0.1"
    ignore "^5.1.8"
    parse-gitignore "^1.0.1"
  optionalDependencies:
    "@infinitygems/mind" "^1.0.0"
    "@infinitygems/power" "^1.0.1"
    "@infinitygems/reality" "^1.0.2"
    "@infinitygems/soul" "^1.0.0"
    "@infinitygems/space" "^1.0.0"
    "@infinitygems/time" "^1.0.0"

"@thanos.js/gauntlet@1.0.1":
  version "1.0.1"
  resolved "https://registry.npmjs.org/@thanos.js/gauntlet/-/gauntlet-1.0.1.tgz#217dfaa01e9acd12fcbf0c00ecb9a875ab835828"
  integrity sha512-Wqbkzs6P/yJwyGKggZFJX9f5VpTxcxnYvqdYhnPC83WAOgDAz6MNewwWwUJrAz1wsyKqEOXzhX6lXDf7JpFMEQ==
  dependencies:
    "@infinitygems/core" "^1.0.3"

"@thanos.js/gauntlet@^1.0.2":
  version "1.0.3"
  resolved "https://registry.npmjs.org/@thanos.js/gauntlet/-/gauntlet-1.0.3.tgz#22787ad40d2080851400e70cc25590140e3a9276"
  integrity sha512-j7wsKfa0a04KiNej+mdgBp453iZCVl5zCE7qWbBXjCxrQCPIaYTCIXGjmnZ9yer59YulNDLRlJ+VS2frIk8IFg==
  dependencies:
    "@infinitygems/core" "^1.0.3"

ignore@^5.1.8:
  version "5.1.8"
  resolved "https://registry.npmjs.org/ignore/-/ignore-5.1.8.tgz#f150a8b50a34289b33e22f5889abd4d8016f0e57"
  integrity sha512-BMpfD7PpiETpBl/A6S498BaIJ6Y/ABT93ETbby2fP00v4EbvPBXWEoaR1UBPKs3iR53pJY7EtZk5KACI57i1Uw==

parse-gitignore@^1.0.1:
  version "1.0.1"
  resolved "https://registry.npmjs.org/parse-gitignore/-/parse-gitignore-1.0.1.tgz#8b9dc57f17b810d495c5dfa62eb07caffe7758c7"
  integrity sha512-UGyowyjtx26n65kdAMWhm6/3uy5uSrpcuH7tt+QEVudiBoVS+eqHxD5kbi9oWVRwj7sCzXqwuM+rUGw7earl6A==
