# THIS IS AN AUTOGENERATED FILE. DO NOT EDIT THIS FILE DIRECTLY.
# yarn lockfile v1


"@infinitygems/core@1.0.3", "@infinitygems/core@^1.0.3":
  version "1.0.3"
  resolved "https://registry.npmjs.org/@infinitygems/core/-/core-1.0.3.tgz#671ffbac999b06b289e0e5e6905f83b04557cd8c"
  integrity sha512-OFZ9OFf2Q797FBELIRv+bj4d1gUWLq316TJg4wFFVudI0GmMvVt36Re3UCEoWss7lgcBdaB9hLeRtpP3de0xNA==

"@infinitygems/mind@^1.0.0":
  version "1.0.0"
  resolved "https://registry.npmjs.org/@infinitygems/mind/-/mind-1.0.0.tgz#ca345800f106a4007279f44b8009403dc829ec4b"
  integrity sha512-JFXod5Igs8Bq/V0n8C6v15Av6N33cGh7T8xO23lu47gnPfJR5ojgO2K9dMjoKPKJZNbq0XHM/SqR7ZiAPa0HVg==
  dependencies:
    "@infinitygems/core" "1.0.3"

"@infinitygems/power@^1.0.1":
  version "1.0.1"
  resolved "https://registry.npmjs.org/@infinitygems/power/-/power-1.0.1.tgz#4cf93f95d230a01a9cca265489231c4a5e37fd43"
  integrity sha512-7j0f0bpIlLueSvUyknNOoe5CogCcaftPrlvKuQGSrc3wI5aGOF/+j78dY5c7nCH5A4e9g/bcD+qFHbCysRXAPA==
  dependencies:
    "@infinitygems/core" "1.0.3"

"@infinitygems/reality@^1.0.2":
  version "1.0.2"
  resolved "https://registry.npmjs.org/@infinitygems/reality/-/reality-1.0.2.tgz#11b7ed97f6423f5e8fd9ea84b994412fb9ba1d2e"
  integrity sha512-kLdGYp5gEu1wDW1Gmz50npptgo0U8Anz+lum2c7qgXsuwHyttOntMmtR/ICKkT4RbSYJOpveYfDxDNL9XLgcCA==
  dependencies:
    "@infinitygems/core" "1.0.3"

"@infinitygems/soul@^1.0.0":
  version "1.0.0"
  resolved "https://registry.npmjs.org/@infinitygems/soul/-/soul-1.0.0.tgz#5eaf622da358df239f39c5ffac5380690d2d719a"
  integrity sha512-2zTjEev5dx8nASiwTG3ZC4zehJfHj5cwPpRM3Q5PEsE/6gLPFeceWTWmNVtmkyPjcLPpyhZM8i+7urzkt5GlQA==
  dependencies:
    "@infinitygems/core" "1.0.3"

"@infinitygems/space@^1.0.0":
  version "1.0.0"
  resolved "https://registry.npmjs.org/@infinitygems/space/-/space-1.0.0.tgz#b6c2cfaf7d7e9606c4a37fb043820ffa9d2c3dda"
  integrity sha512-Fl/33SLB8+lz+Akv/vI6tSc2+01MO+AOlQoL/pbFRRpWs3H06CAMDfWyjh9D+6sBToE48gtHrmrCVFFLLxFQCw==
  dependencies:
    "@infinitygems/core" "1.0.3"

"@infinitygems/time@^1.0.0":
  version "1.0.0"
  resolved "https://registry.npmjs.org/@infinitygems/time/-/time-1.0.0.tgz#959c69ec7069c69c7fcb6697ec837d1c4033d15d"
  integrity sha512-7u6cTssOcq/ko+UbP1JAjL3sfSpzu1/AqJGkRiVysRSbwWcklZ7wQfA9DPMEJPT/cl5j1e96QNjgLc2L4MNIaw==
  dependencies:
    "@infinitygems/core" "1.0.3"

"@types/node@*", "@types/node@^14.14.22":
  version "14.14.22"
  resolved "https://registry.npmjs.org/@types/node/-/node-14.14.22.tgz#0d29f382472c4ccf3bd96ff0ce47daf5b7b84b18"
  integrity sha512-g+f/qj/cNcqKkc3tFqlXOYjrmZA+jNBiDzbP3kH+B+otKFqAdPgVTGP1IeKRdMml/aE69as5S4FqtxAbl+LaMw==

"@types/parse-gitignore@^1.0.0":
  version "1.0.0"
  resolved "https://registry.npmjs.org/@types/parse-gitignore/-/parse-gitignore-1.0.0.tgz#782b2b6179cef4daaf9b8bd312bfe796fdc8aa18"
  integrity sha512-GCL7NIxhUzJ1M5bp68T8DtDVTbQdw93MPIIII+YASs3icSozMEG9ZjX7pp7ldRJrVgrRtJBwy+/g+aBzCIttlg==
  dependencies:
    "@types/node" "*"

ignore@^5.1.8:
  version "5.1.8"
  resolved "https://registry.npmjs.org/ignore/-/ignore-5.1.8.tgz#f150a8b50a34289b33e22f5889abd4d8016f0e57"
  integrity sha512-BMpfD7PpiETpBl/A6S498BaIJ6Y/ABT93ETbby2fP00v4EbvPBXWEoaR1UBPKs3iR53pJY7EtZk5KACI57i1Uw==

parse-gitignore@^1.0.1:
  version "1.0.1"
  resolved "https://registry.npmjs.org/parse-gitignore/-/parse-gitignore-1.0.1.tgz#8b9dc57f17b810d495c5dfa62eb07caffe7758c7"
  integrity sha512-UGyowyjtx26n65kdAMWhm6/3uy5uSrpcuH7tt+QEVudiBoVS+eqHxD5kbi9oWVRwj7sCzXqwuM+rUGw7earl6A==

typescript@^4.1.3:
  version "4.1.3"
  resolved "https://registry.npmjs.org/typescript/-/typescript-4.1.3.tgz#519d582bd94cba0cf8934c7d8e8467e473f53bb7"
  integrity sha512-B3ZIOf1IKeH2ixgHhj6la6xdwR9QrLC5d1VKeCSY4tvkqhF2eqd9O7txNlS0PO3GrBAFIdr3L1ndNwteUbZLYg==
